
Microsoft Visual Studio Solution File, Format Version 12.00
# Visual Studio Version 16
VisualStudioVersion = 16.0.29609.76
MinimumVisualStudioVersion = 10.0.40219.1
Project("{9092AA53-FB77-4645-B42D-1CCCA6BD08BD}") = "FoeCalculator", "FoeCalculator.njsproj", "{CAB0D7B0-7915-4DE2-811C-739F6F8FB2D6}"
EndProject
Global
	GlobalSection(SolutionConfigurationPlatforms) = preSolution
		Debug|Any CPU = Debug|Any CPU
		Release|Any CPU = Release|Any CPU
	EndGlobalSection
	GlobalSection(ProjectConfigurationPlatforms) = postSolution
		{CAB0D7B0-7915-4DE2-811C-739F6F8FB2D6}.Debug|Any CPU.ActiveCfg = Debug|Any CPU
		{CAB0D7B0-7915-4DE2-811C-739F6F8FB2D6}.Debug|Any CPU.Build.0 = Debug|Any CPU
		{CAB0D7B0-7915-4DE2-811C-739F6F8FB2D6}.Release|Any CPU.ActiveCfg = Release|Any CPU
		{CAB0D7B0-7915-4DE2-811C-739F6F8FB2D6}.Release|Any CPU.Build.0 = Release|Any CPU
	EndGlobalSection
	GlobalSection(SolutionProperties) = preSolution
		HideSolutionNode = FALSE
	EndGlobalSection
	GlobalSection(ExtensibilityGlobals) = postSolution
		SolutionGuid = {5EB14039-AB71-4C3D-AF02-647DF10FE872}
	EndGlobalSection
EndGlobal
